
Microsoft Visual Studio Solution File, Format Version 12.00
# Visual Studio Version 17
VisualStudioVersion = 17.4.33213.308
MinimumVisualStudioVersion = 10.0.40219.1
Project("{FAE04EC0-301F-11D3-BF4B-00C04F79EFBC}") = "bs", "bs.csproj", "{3FFBC0E1-BD77-441B-A1B1-5D4FDC80F600}"
EndProject
Global
	GlobalSection(SolutionConfigurationPlatforms) = preSolution
		Debug|Any CPU = Debug|Any CPU
		Release|Any CPU = Release|Any CPU
	EndGlobalSection
	GlobalSection(ProjectConfigurationPlatforms) = postSolution
		{3FFBC0E1-BD77-441B-A1B1-5D4FDC80F600}.Debug|Any CPU.ActiveCfg = Debug|Any CPU
		{3FFBC0E1-BD77-441B-A1B1-5D4FDC80F600}.Debug|Any CPU.Build.0 = Debug|Any CPU
		{3FFBC0E1-BD77-441B-A1B1-5D4FDC80F600}.Release|Any CPU.ActiveCfg = Release|Any CPU
		{3FFBC0E1-BD77-441B-A1B1-5D4FDC80F600}.Release|Any CPU.Build.0 = Release|Any CPU
	EndGlobalSection
	GlobalSection(SolutionProperties) = preSolution
		HideSolutionNode = FALSE
	EndGlobalSection
	GlobalSection(ExtensibilityGlobals) = postSolution
		SolutionGuid = {ED095945-CDDB-479A-9866-F4799FFA9653}
	EndGlobalSection
EndGlobal
